
Microsoft Visual Studio Solution File, Format Version 12.00
# Visual Studio Version 16
VisualStudioVersion = 16.0.30804.86
MinimumVisualStudioVersion = 10.0.40219.1
Project("{FAE04EC0-301F-11D3-BF4B-00C04F79EFBC}") = "AppTracking.Android", "AppTracking\AppTracking.Android\AppTracking.Android.csproj", "{CC5EDB1B-728B-4705-9D08-F1B7ABC65558}"
EndProject
Project("{FAE04EC0-301F-11D3-BF4B-00C04F79EFBC}") = "AppTracking", "AppTracking\AppTracking\AppTracking.csproj", "{19D5B1B1-9349-4DAF-A698-22BD513A7A15}"
EndProject
Global
	GlobalSection(SolutionConfigurationPlatforms) = preSolution
		Debug|Any CPU = Debug|Any CPU
		Release|Any CPU = Release|Any CPU
	EndGlobalSection
	GlobalSection(ProjectConfigurationPlatforms) = postSolution
		{CC5EDB1B-728B-4705-9D08-F1B7ABC65558}.Debug|Any CPU.ActiveCfg = Debug|Any CPU
		{CC5EDB1B-728B-4705-9D08-F1B7ABC65558}.Debug|Any CPU.Build.0 = Debug|Any CPU
		{CC5EDB1B-728B-4705-9D08-F1B7ABC65558}.Debug|Any CPU.Deploy.0 = Debug|Any CPU
		{CC5EDB1B-728B-4705-9D08-F1B7ABC65558}.Release|Any CPU.ActiveCfg = Release|Any CPU
		{CC5EDB1B-728B-4705-9D08-F1B7ABC65558}.Release|Any CPU.Build.0 = Release|Any CPU
		{CC5EDB1B-728B-4705-9D08-F1B7ABC65558}.Release|Any CPU.Deploy.0 = Release|Any CPU
		{19D5B1B1-9349-4DAF-A698-22BD513A7A15}.Debug|Any CPU.ActiveCfg = Debug|Any CPU
		{19D5B1B1-9349-4DAF-A698-22BD513A7A15}.Debug|Any CPU.Build.0 = Debug|Any CPU
		{19D5B1B1-9349-4DAF-A698-22BD513A7A15}.Debug|Any CPU.Deploy.0 = Debug|Any CPU
		{19D5B1B1-9349-4DAF-A698-22BD513A7A15}.Release|Any CPU.ActiveCfg = Release|Any CPU
		{19D5B1B1-9349-4DAF-A698-22BD513A7A15}.Release|Any CPU.Build.0 = Release|Any CPU
		{19D5B1B1-9349-4DAF-A698-22BD513A7A15}.Release|Any CPU.Deploy.0 = Release|Any CPU
	EndGlobalSection
	GlobalSection(SolutionProperties) = preSolution
		HideSolutionNode = FALSE
	EndGlobalSection
	GlobalSection(ExtensibilityGlobals) = postSolution
		SolutionGuid = {4B328419-51D6-4443-BC6C-DB7813A3EDBC}
	EndGlobalSection
EndGlobal
